
Microsoft Visual Studio Solution File, Format Version 12.00
# Visual Studio Version 16
VisualStudioVersion = 16.0.31129.286
MinimumVisualStudioVersion = 10.0.40219.1
Project("{FAE04EC0-301F-11D3-BF4B-00C04F79EFBC}") = "WebPage", "WebPage.csproj", "{1A555886-09CF-4F71-9FB3-5724541813F6}"
EndProject
Global
	GlobalSection(SolutionConfigurationPlatforms) = preSolution
		Debug|Any CPU = Debug|Any CPU
		Release|Any CPU = Release|Any CPU
	EndGlobalSection
	GlobalSection(ProjectConfigurationPlatforms) = postSolution
		{1A555886-09CF-4F71-9FB3-5724541813F6}.Debug|Any CPU.ActiveCfg = Debug|Any CPU
		{1A555886-09CF-4F71-9FB3-5724541813F6}.Debug|Any CPU.Build.0 = Debug|Any CPU
		{1A555886-09CF-4F71-9FB3-5724541813F6}.Release|Any CPU.ActiveCfg = Release|Any CPU
		{1A555886-09CF-4F71-9FB3-5724541813F6}.Release|Any CPU.Build.0 = Release|Any CPU
	EndGlobalSection
	GlobalSection(SolutionProperties) = preSolution
		HideSolutionNode = FALSE
	EndGlobalSection
	GlobalSection(ExtensibilityGlobals) = postSolution
		SolutionGuid = {179C5918-9F89-48C4-B91E-4FD2E2BF179B}
	EndGlobalSection
EndGlobal
